
Microsoft Visual Studio Solution File, Format Version 12.00
# Visual Studio Version 16
VisualStudioVersion = 16.0.29920.165
MinimumVisualStudioVersion = 10.0.40219.1
Project("{FAE04EC0-301F-11D3-BF4B-00C04F79EFBC}") = "Remainder", "Remainder.csproj", "{376A9957-1B33-453A-9506-81E74CD51B1B}"
EndProject
Global
	GlobalSection(SolutionConfigurationPlatforms) = preSolution
		Debug|Any CPU = Debug|Any CPU
		Release|Any CPU = Release|Any CPU
	EndGlobalSection
	GlobalSection(ProjectConfigurationPlatforms) = postSolution
		{376A9957-1B33-453A-9506-81E74CD51B1B}.Debug|Any CPU.ActiveCfg = Debug|Any CPU
		{376A9957-1B33-453A-9506-81E74CD51B1B}.Debug|Any CPU.Build.0 = Debug|Any CPU
		{376A9957-1B33-453A-9506-81E74CD51B1B}.Release|Any CPU.ActiveCfg = Release|Any CPU
		{376A9957-1B33-453A-9506-81E74CD51B1B}.Release|Any CPU.Build.0 = Release|Any CPU
	EndGlobalSection
	GlobalSection(SolutionProperties) = preSolution
		HideSolutionNode = FALSE
	EndGlobalSection
	GlobalSection(ExtensibilityGlobals) = postSolution
		SolutionGuid = {04CA2478-6474-4F74-A31E-D9DFCADE6628}
	EndGlobalSection
EndGlobal
